
Microsoft Visual Studio Solution File, Format Version 12.00
# Visual Studio Version 17
VisualStudioVersion = 17.3.32811.315
MinimumVisualStudioVersion = 10.0.40219.1
Project("{F184B08F-C81C-45F6-A57F-5ABD9991F28F}") = "UniFAST Tracking System", "UniFAST Tracking System.vbproj", "{7B2960ED-CEBF-4A95-8285-53BCBF654A38}"
EndProject
Global
	GlobalSection(SolutionConfigurationPlatforms) = preSolution
		Debug|Any CPU = Debug|Any CPU
		Release|Any CPU = Release|Any CPU
	EndGlobalSection
	GlobalSection(ProjectConfigurationPlatforms) = postSolution
		{7B2960ED-CEBF-4A95-8285-53BCBF654A38}.Debug|Any CPU.ActiveCfg = Debug|Any CPU
		{7B2960ED-CEBF-4A95-8285-53BCBF654A38}.Debug|Any CPU.Build.0 = Debug|Any CPU
		{7B2960ED-CEBF-4A95-8285-53BCBF654A38}.Release|Any CPU.ActiveCfg = Release|Any CPU
		{7B2960ED-CEBF-4A95-8285-53BCBF654A38}.Release|Any CPU.Build.0 = Release|Any CPU
	EndGlobalSection
	GlobalSection(SolutionProperties) = preSolution
		HideSolutionNode = FALSE
	EndGlobalSection
	GlobalSection(ExtensibilityGlobals) = postSolution
		SolutionGuid = {074D1BC7-2185-494C-B811-05274952F3A6}
	EndGlobalSection
EndGlobal
